// !$*UTF8*$!
{
	archiveVersion = 1;
	classes = {
	};
	objectVersion = 77;
	objects = {

/* Begin PBXBuildFile section */
		D5EE5C322FAC183F00D49FCF /* Auth in Frameworks */ = {isa = PBXBuildFile; productRef = D5EE5C312FAC183F00D49FCF /* Auth */; };
		D5EE5C342FAC183F00D49FCF /* Functions in Frameworks */ = {isa = PBXBuildFile; productRef = D5EE5C332FAC183F00D49FCF /* Functions */; };
		D5EE5C362FAC183F00D49FCF /* PostgREST in Frameworks */ = {isa = PBXBuildFile; productRef = D5EE5C352FAC183F00D49FCF /* PostgREST */; };
		D5EE5C382FAC183F00D49FCF /* Realtime in Frameworks */ = {isa = PBXBuildFile; productRef = D5EE5C372FAC183F00D49FCF /* Realtime */; };
		D5EE5C3A2FAC183F00D49FCF /* Storage in Frameworks */ = {isa = PBXBuildFile; productRef = D5EE5C392FAC183F00D49FCF /* Storage */; };
		D5EE5C3C2FAC183F00D49FCF /* Supabase in Frameworks */ = {isa = PBXBuildFile; productRef = D5EE5C3B2FAC183F00D49FCF /* Supabase */; };
/* End PBXBuildFile section */

/* Begin PBXContainerItemProxy section */
		D5EE5C0C2FAAC8FE00D49FCF /* PBXContainerItemProxy */ = {
			isa = PBXContainerItemProxy;
			containerPortal = D5EE5BF62FAAC8FC00D49FCF /* Project object */;
			proxyType = 1;
			remoteGlobalIDString = D5EE5BFD2FAAC8FC00D49FCF;
			remoteInfo = activityapp;
		};
		D5EE5C162FAAC8FE00D49FCF /* PBXContainerItemProxy */ = {
			isa = PBXContainerItemProxy;
			containerPortal = D5EE5BF62FAAC8FC00D49FCF /* Project object */;
			proxyType = 1;
			remoteGlobalIDString = D5EE5BFD2FAAC8FC00D49FCF;
			remoteInfo = activityapp;
		};
/* End PBXContainerItemProxy section */

/* Begin PBXFileReference section */
		D5EE5BFE2FAAC8FC00D49FCF /* activityapp.app */ = {isa = PBXFileReference; explicitFileType = wrapper.application; includeInIndex = 0; path = activityapp.app; sourceTree = BUILT_PRODUCTS_DIR; };
		D5EE5C0B2FAAC8FE00D49FCF /* activityappTests.xctest */ = {isa = PBXFileReference; explicitFileType = wrapper.cfbundle; includeInIndex = 0; path = activityappTests.xctest; sourceTree = BUILT_PRODUCTS_DIR; };
		D5EE5C152FAAC8FE00D49FCF /* activityappUITests.xctest */ = {isa = PBXFileReference; explicitFileType = wrapper.cfbundle; includeInIndex = 0; path = activityappUITests.xctest; sourceTree = BUILT_PRODUCTS_DIR; };
/* End PBXFileReference section */

/* Begin PBXFileSystemSynchronizedBuildFileExceptionSet section */
		D5EE5C292FAC12F500D49FCF /* Exceptions for "activityappTests" folder in "activityapp" target */ = {
			isa = PBXFileSystemSynchronizedBuildFileExceptionSet;
			membershipExceptions = (
				ContentView.swift,
			);
			target = D5EE5BFD2FAAC8FC00D49FCF /* activityapp */;
		};
		D5EE5C2A2FAC12F500D49FCF /* Exceptions for "activityappTests" folder in "activityappTests" target */ = {
			isa = PBXFileSystemSynchronizedBuildFileExceptionSet;
			membershipExceptions = (
				ContentView.swift,
			);
			target = D5EE5C0A2FAAC8FE00D49FCF /* activityappTests */;
		};
		D5EE5D132FBB621B00D49FCF /* Exceptions for "activityapp" folder in "activityapp" target */ = {
			isa = PBXFileSystemSynchronizedBuildFileExceptionSet;
			membershipExceptions = (
				Info.plist,
			);
			target = D5EE5BFD2FAAC8FC00D49FCF /* activityapp */;
		};
/* End PBXFileSystemSynchronizedBuildFileExceptionSet section */

/* Begin PBXFileSystemSynchronizedRootGroup section */
		D5EE5C002FAAC8FC00D49FCF /* activityapp */ = {
			isa = PBXFileSystemSynchronizedRootGroup;
			exceptions = (
				D5EE5D132FBB621B00D49FCF /* Exceptions for "activityapp" folder in "activityapp" target */,
			);
			path = activityapp;
			sourceTree = "<group>";
		};
		D5EE5C0E2FAAC8FE00D49FCF /* activityappTests */ = {
			isa = PBXFileSystemSynchronizedRootGroup;
			exceptions = (
				D5EE5C292FAC12F500D49FCF /* Exceptions for "activityappTests" folder in "activityapp" target */,
				D5EE5C2A2FAC12F500D49FCF /* Exceptions for "activityappTests" folder in "activityappTests" target */,
			);
			path = activityappTests;
			sourceTree = "<group>";
		};
		D5EE5C182FAAC8FE00D49FCF /* activityappUITests */ = {
			isa = PBXFileSystemSynchronizedRootGroup;
			path = activityappUITests;
			sourceTree = "<group>";
		};
		D5EE5C962FAD63A600D49FCF /* Client */ = {
			isa = PBXFileSystemSynchronizedRootGroup;
			path = Client;
			sourceTree = "<group>";
		};
/* End PBXFileSystemSynchronizedRootGroup section */

/* Begin PBXFrameworksBuildPhase section */
		D5EE5BFB2FAAC8FC00D49FCF /* Frameworks */ = {
			isa = PBXFrameworksBuildPhase;
			buildActionMask = 2147483647;
			files = (
				D5EE5C362FAC183F00D49FCF /* PostgREST in Frameworks */,
				D5EE5C342FAC183F00D49FCF /* Functions in Frameworks */,
				D5EE5C3C2FAC183F00D49FCF /* Supabase in Frameworks */,
				D5EE5C322FAC183F00D49FCF /* Auth in Frameworks */,
				D5EE5C3A2FAC183F00D49FCF /* Storage in Frameworks */,
				D5EE5C382FAC183F00D49FCF /* Realtime in Frameworks */,
			);
			runOnlyForDeploymentPostprocessing = 0;
		};
		D5EE5C082FAAC8FE00D49FCF /* Frameworks */ = {
			isa = PBXFrameworksBuildPhase;
			buildActionMask = 2147483647;
			files = (
			);
			runOnlyForDeploymentPostprocessing = 0;
		};
		D5EE5C122FAAC8FE00D49FCF /* Frameworks */ = {
			isa = PBXFrameworksBuildPhase;
			buildActionMask = 2147483647;
			files = (
			);
			runOnlyForDeploymentPostprocessing = 0;
		};
/* End PBXFrameworksBuildPhase section */

/* Begin PBXGroup section */
		D5EE5BF52FAAC8FC00D49FCF = {
			isa = PBXGroup;
			children = (
				D5EE5C962FAD63A600D49FCF /* Client */,
				D5EE5C002FAAC8FC00D49FCF /* activityapp */,
				D5EE5C0E2FAAC8FE00D49FCF /* activityappTests */,
				D5EE5C182FAAC8FE00D49FCF /* activityappUITests */,
				D5EE5C302FAC183F00D49FCF /* Frameworks */,
				D5EE5BFF2FAAC8FC00D49FCF /* Products */,
			);
			sourceTree = "<group>";
		};
		D5EE5BFF2FAAC8FC00D49FCF /* Products */ = {
			isa = PBXGroup;
			children = (
				D5EE5BFE2FAAC8FC00D49FCF /* activityapp.app */,
				D5EE5C0B2FAAC8FE00D49FCF /* activityappTests.xctest */,
				D5EE5C152FAAC8FE00D49FCF /* activityappUITests.xctest */,
			);
			name = Products;
			sourceTree = "<group>";
		};
		D5EE5C302FAC183F00D49FCF /* Frameworks */ = {
			isa = PBXGroup;
			children = (
			);
			name = Frameworks;
			sourceTree = "<group>";
		};
/* End PBXGroup section */

/* Begin PBXNativeTarget section */
		D5EE5BFD2FAAC8FC00D49FCF /* activityapp */ = {
			isa = PBXNativeTarget;
			buildConfigurationList = D5EE5C1F2FAAC8FE00D49FCF /* Build configuration list for PBXNativeTarget "activityapp" */;
			buildPhases = (
				D5EE5BFA2FAAC8FC00D49FCF /* Sources */,
				D5EE5BFB2FAAC8FC00D49FCF /* Frameworks */,
				D5EE5BFC2FAAC8FC00D49FCF /* Resources */,
			);
			buildRules = (
			);
			dependencies = (
			);
			fileSystemSynchronizedGroups = (
				D5EE5C002FAAC8FC00D49FCF /* activityapp */,
				D5EE5C962FAD63A600D49FCF /* Client */,
			);
			name = activityapp;
			packageProductDependencies = (
				D5EE5C312FAC183F00D49FCF /* Auth */,
				D5EE5C332FAC183F00D49FCF /* Functions */,
				D5EE5C352FAC183F00D49FCF /* PostgREST */,
				D5EE5C372FAC183F00D49FCF /* Realtime */,
				D5EE5C392FAC183F00D49FCF /* Storage */,
				D5EE5C3B2FAC183F00D49FCF /* Supabase */,
			);
			productName = activityapp;
			productReference = D5EE5BFE2FAAC8FC00D49FCF /* activityapp.app */;
			productType = "com.apple.product-type.application";
		};
		D5EE5C0A2FAAC8FE00D49FCF /* activityappTests */ = {
			isa = PBXNativeTarget;
			buildConfigurationList = D5EE5C222FAAC8FE00D49FCF /* Build configuration list for PBXNativeTarget "activityappTests" */;
			buildPhases = (
				D5EE5C072FAAC8FE00D49FCF /* Sources */,
				D5EE5C082FAAC8FE00D49FCF /* Frameworks */,
				D5EE5C092FAAC8FE00D49FCF /* Resources */,
			);
			buildRules = (
			);
			dependencies = (
				D5EE5C0D2FAAC8FE00D49FCF /* PBXTargetDependency */,
			);
			fileSystemSynchronizedGroups = (
				D5EE5C0E2FAAC8FE00D49FCF /* activityappTests */,
			);
			name = activityappTests;
			packageProductDependencies = (
			);
			productName = activityappTests;
			productReference = D5EE5C0B2FAAC8FE00D49FCF /* activityappTests.xctest */;
			productType = "com.apple.product-type.bundle.unit-test";
		};
		D5EE5C142FAAC8FE00D49FCF /* activityappUITests */ = {
			isa = PBXNativeTarget;
			buildConfigurationList = D5EE5C252FAAC8FE00D49FCF /* Build configuration list for PBXNativeTarget "activityappUITests" */;
			buildPhases = (
				D5EE5C112FAAC8FE00D49FCF /* Sources */,
				D5EE5C122FAAC8FE00D49FCF /* Frameworks */,
				D5EE5C132FAAC8FE00D49FCF /* Resources */,
			);
			buildRules = (
			);
			dependencies = (
				D5EE5C172FAAC8FE00D49FCF /* PBXTargetDependency */,
			);
			fileSystemSynchronizedGroups = (
				D5EE5C182FAAC8FE00D49FCF /* activityappUITests */,
			);
			name = activityappUITests;
			packageProductDependencies = (
			);
			productName = activityappUITests;
			productReference = D5EE5C152FAAC8FE00D49FCF /* activityappUITests.xctest */;
			productType = "com.apple.product-type.bundle.ui-testing";
		};
/* End PBXNativeTarget section */

/* Begin PBXProject section */
		D5EE5BF62FAAC8FC00D49FCF /* Project object */ = {
			isa = PBXProject;
			attributes = {
				BuildIndependentTargetsInParallel = 1;
				LastSwiftUpdateCheck = 2630;
				LastUpgradeCheck = 2630;
				TargetAttributes = {
					D5EE5BFD2FAAC8FC00D49FCF = {
						CreatedOnToolsVersion = 26.3;
					};
					D5EE5C0A2FAAC8FE00D49FCF = {
						CreatedOnToolsVersion = 26.3;
						TestTargetID = D5EE5BFD2FAAC8FC00D49FCF;
					};
					D5EE5C142FAAC8FE00D49FCF = {
						CreatedOnToolsVersion = 26.3;
						TestTargetID = D5EE5BFD2FAAC8FC00D49FCF;
					};
				};
			};
			buildConfigurationList = D5EE5BF92FAAC8FC00D49FCF /* Build configuration list for PBXProject "caravyn" */;
			developmentRegion = en;
			hasScannedForEncodings = 0;
			knownRegions = (
				en,
				Base,
			);
			mainGroup = D5EE5BF52FAAC8FC00D49FCF;
			minimizedProjectReferenceProxies = 1;
			packageReferences = (
				D5EE5C282FAC105700D49FCF /* XCRemoteSwiftPackageReference "supabase-swift" */,
			);
			preferredProjectObjectVersion = 77;
			productRefGroup = D5EE5BFF2FAAC8FC00D49FCF /* Products */;
			projectDirPath = "";
			projectRoot = "";
			targets = (
				D5EE5BFD2FAAC8FC00D49FCF /* activityapp */,
				D5EE5C0A2FAAC8FE00D49FCF /* activityappTests */,
				D5EE5C142FAAC8FE00D49FCF /* activityappUITests */,
			);
		};
/* End PBXProject section */

/* Begin PBXResourcesBuildPhase section */
		D5EE5BFC2FAAC8FC00D49FCF /* Resources */ = {
			isa = PBXResourcesBuildPhase;
			buildActionMask = 2147483647;
			files = (
			);
			runOnlyForDeploymentPostprocessing = 0;
		};
		D5EE5C092FAAC8FE00D49FCF /* Resources */ = {
			isa = PBXResourcesBuildPhase;
			buildActionMask = 2147483647;
			files = (
			);
			runOnlyForDeploymentPostprocessing = 0;
		};
		D5EE5C132FAAC8FE00D49FCF /* Resources */ = {
			isa = PBXResourcesBuildPhase;
			buildActionMask = 2147483647;
			files = (
			);
			runOnlyForDeploymentPostprocessing = 0;
		};
/* End PBXResourcesBuildPhase section */

/* Begin PBXSourcesBuildPhase section */
		D5EE5BFA2FAAC8FC00D49FCF /* Sources */ = {
			isa = PBXSourcesBuildPhase;
			buildActionMask = 2147483647;
			files = (
			);
			runOnlyForDeploymentPostprocessing = 0;
		};
		D5EE5C072FAAC8FE00D49FCF /* Sources */ = {
			isa = PBXSourcesBuildPhase;
			buildActionMask = 2147483647;
			files = (
			);
			runOnlyForDeploymentPostprocessing = 0;
		};
		D5EE5C112FAAC8FE00D49FCF /* Sources */ = {
			isa = PBXSourcesBuildPhase;
			buildActionMask = 2147483647;
			files = (
			);
			runOnlyForDeploymentPostprocessing = 0;
		};
/* End PBXSourcesBuildPhase section */

/* Begin PBXTargetDependency section */
		D5EE5C0D2FAAC8FE00D49FCF /* PBXTargetDependency */ = {
			isa = PBXTargetDependency;
			target = D5EE5BFD2FAAC8FC00D49FCF /* activityapp */;
			targetProxy = D5EE5C0C2FAAC8FE00D49FCF /* PBXContainerItemProxy */;
		};
		D5EE5C172FAAC8FE00D49FCF /* PBXTargetDependency */ = {
			isa = PBXTargetDependency;
			target = D5EE5BFD2FAAC8FC00D49FCF /* activityapp */;
			targetProxy = D5EE5C162FAAC8FE00D49FCF /* PBXContainerItemProxy */;
		};
/* End PBXTargetDependency section */

/* Begin XCBuildConfiguration section */
		D5EE5C1D2FAAC8FE00D49FCF /* Debug */ = {
			isa = XCBuildConfiguration;
			buildSettings = {
				ALWAYS_SEARCH_USER_PATHS = NO;
				ASSETCATALOG_COMPILER_GENERATE_SWIFT_ASSET_SYMBOL_EXTENSIONS = YES;
				CLANG_ANALYZER_NONNULL = YES;
				CLANG_ANALYZER_NUMBER_OBJECT_CONVERSION = YES_AGGRESSIVE;
				CLANG_CXX_LANGUAGE_STANDARD = "gnu++20";
				CLANG_ENABLE_MODULES = YES;
				CLANG_ENABLE_OBJC_ARC = YES;
				CLANG_ENABLE_OBJC_WEAK = YES;
				CLANG_WARN_BLOCK_CAPTURE_AUTORELEASING = YES;
				CLANG_WARN_BOOL_CONVERSION = YES;
				CLANG_WARN_COMMA = YES;
				CLANG_WARN_CONSTANT_CONVERSION = YES;
				CLANG_WARN_DEPRECATED_OBJC_IMPLEMENTATIONS = YES;
				CLANG_WARN_DIRECT_OBJC_ISA_USAGE = YES_ERROR;
				CLANG_WARN_DOCUMENTATION_COMMENTS = YES;
				CLANG_WARN_EMPTY_BODY = YES;
				CLANG_WARN_ENUM_CONVERSION = YES;
				CLANG_WARN_INFINITE_RECURSION = YES;
				CLANG_WARN_INT_CONVERSION = YES;
				CLANG_WARN_NON_LITERAL_NULL_CONVERSION = YES;
				CLANG_WARN_OBJC_IMPLICIT_RETAIN_SELF = YES;
				CLANG_WARN_OBJC_LITERAL_CONVERSION = YES;
				CLANG_WARN_OBJC_ROOT_CLASS = YES_ERROR;
				CLANG_WARN_QUOTED_INCLUDE_IN_FRAMEWORK_HEADER = YES;
				CLANG_WARN_RANGE_LOOP_ANALYSIS = YES;
				CLANG_WARN_STRICT_PROTOTYPES = YES;
				CLANG_WARN_SUSPICIOUS_MOVE = YES;
				CLANG_WARN_UNGUARDED_AVAILABILITY = YES_AGGRESSIVE;
				CLANG_WARN_UNREACHABLE_CODE = YES;
				CLANG_WARN__DUPLICATE_METHOD_MATCH = YES;
				COPY_PHASE_STRIP = NO;
				DEBUG_INFORMATION_FORMAT = dwarf;
				DEVELOPMENT_TEAM = NUC37C5ZL9;
				ENABLE_STRICT_OBJC_MSGSEND = YES;
				ENABLE_TESTABILITY = YES;
				ENABLE_USER_SCRIPT_SANDBOXING = YES;
				GCC_C_LANGUAGE_STANDARD = gnu17;
				GCC_DYNAMIC_NO_PIC = NO;
				GCC_NO_COMMON_BLOCKS = YES;
				GCC_OPTIMIZATION_LEVEL = 0;
				GCC_PREPROCESSOR_DEFINITIONS = (
					"DEBUG=1",
					"$(inherited)",
				);
				GCC_WARN_64_TO_32_BIT_CONVERSION = YES;
				GCC_WARN_ABOUT_RETURN_TYPE = YES_ERROR;
				GCC_WARN_UNDECLARED_SELECTOR = YES;
				GCC_WARN_UNINITIALIZED_AUTOS = YES_AGGRESSIVE;
				GCC_WARN_UNUSED_FUNCTION = YES;
				GCC_WARN_UNUSED_VARIABLE = YES;
				IPHONEOS_DEPLOYMENT_TARGET = 26.2;
				LOCALIZATION_PREFERS_STRING_CATALOGS = YES;
				MTL_ENABLE_DEBUG_INFO = INCLUDE_SOURCE;
				MTL_FAST_MATH = YES;
				ONLY_ACTIVE_ARCH = YES;
				SDKROOT = iphoneos;
				SWIFT_ACTIVE_COMPILATION_CONDITIONS = "DEBUG $(inherited)";
				SWIFT_OPTIMIZATION_LEVEL = "-Onone";
			};
			name = Debug;
		};
		D5EE5C1E2FAAC8FE00D49FCF /* Release */ = {
			isa = XCBuildConfiguration;
			buildSettings = {
				ALWAYS_SEARCH_USER_PATHS = NO;
				ASSETCATALOG_COMPILER_GENERATE_SWIFT_ASSET_SYMBOL_EXTENSIONS = YES;
				CLANG_ANALYZER_NONNULL = YES;
				CLANG_ANALYZER_NUMBER_OBJECT_CONVERSION = YES_AGGRESSIVE;
				CLANG_CXX_LANGUAGE_STANDARD = "gnu++20";
				CLANG_ENABLE_MODULES = YES;
				CLANG_ENABLE_OBJC_ARC = YES;
				CLANG_ENABLE_OBJC_WEAK = YES;
				CLANG_WARN_BLOCK_CAPTURE_AUTORELEASING = YES;
				CLANG_WARN_BOOL_CONVERSION = YES;
				CLANG_WARN_COMMA = YES;
				CLANG_WARN_CONSTANT_CONVERSION = YES;
				CLANG_WARN_DEPRECATED_OBJC_IMPLEMENTATIONS = YES;
				CLANG_WARN_DIRECT_OBJC_ISA_USAGE = YES_ERROR;
				CLANG_WARN_DOCUMENTATION_COMMENTS = YES;
				CLANG_WARN_EMPTY_BODY = YES;
				CLANG_WARN_ENUM_CONVERSION = YES;
				CLANG_WARN_INFINITE_RECURSION = YES;
				CLANG_WARN_INT_CONVERSION = YES;
				CLANG_WARN_NON_LITERAL_NULL_CONVERSION = YES;
				CLANG_WARN_OBJC_IMPLICIT_RETAIN_SELF = YES;
				CLANG_WARN_OBJC_LITERAL_CONVERSION = YES;
				CLANG_WARN_OBJC_ROOT_CLASS = YES_ERROR;
				CLANG_WARN_QUOTED_INCLUDE_IN_FRAMEWORK_HEADER = YES;
				CLANG_WARN_RANGE_LOOP_ANALYSIS = YES;
				CLANG_WARN_STRICT_PROTOTYPES = YES;
				CLANG_WARN_SUSPICIOUS_MOVE = YES;
				CLANG_WARN_UNGUARDED_AVAILABILITY = YES_AGGRESSIVE;
				CLANG_WARN_UNREACHABLE_CODE = YES;
				CLANG_WARN__DUPLICATE_METHOD_MATCH = YES;
				COPY_PHASE_STRIP = NO;
				DEBUG_INFORMATION_FORMAT = "dwarf-with-dsym";
				DEVELOPMENT_TEAM = NUC37C5ZL9;
				ENABLE_NS_ASSERTIONS = NO;
				ENABLE_STRICT_OBJC_MSGSEND = YES;
				ENABLE_USER_SCRIPT_SANDBOXING = YES;
				GCC_C_LANGUAGE_STANDARD = gnu17;
				GCC_NO_COMMON_BLOCKS = YES;
				GCC_WARN_64_TO_32_BIT_CONVERSION = YES;
				GCC_WARN_ABOUT_RETURN_TYPE = YES_ERROR;
				GCC_WARN_UNDECLARED_SELECTOR = YES;
				GCC_WARN_UNINITIALIZED_AUTOS = YES_AGGRESSIVE;
				GCC_WARN_UNUSED_FUNCTION = YES;
				GCC_WARN_UNUSED_VARIABLE = YES;
				IPHONEOS_DEPLOYMENT_TARGET = 26.2;
				LOCALIZATION_PREFERS_STRING_CATALOGS = YES;
				MTL_ENABLE_DEBUG_INFO = NO;
				MTL_FAST_MATH = YES;
				SDKROOT = iphoneos;
				SWIFT_COMPILATION_MODE = wholemodule;
				VALIDATE_PRODUCT = YES;
			};
			name = Release;
		};
		D5EE5C202FAAC8FE00D49FCF /* Debug */ = {
			isa = XCBuildConfiguration;
			buildSettings = {
				ASSETCATALOG_COMPILER_APPICON_NAME = AppIcon;
				ASSETCATALOG_COMPILER_GLOBAL_ACCENT_COLOR_NAME = AccentColor;
				CODE_SIGN_ENTITLEMENTS = activityapp/activityapp.entitlements;
				CODE_SIGN_IDENTITY = "Apple Development";
				CODE_SIGN_STYLE = Automatic;
				CURRENT_PROJECT_VERSION = 1;
				DEVELOPMENT_TEAM = NUC37C5ZL9;
				ENABLE_PREVIEWS = YES;
				GENERATE_INFOPLIST_FILE = YES;
				INFOPLIST_FILE = activityapp/Info.plist;
				INFOPLIST_KEY_CFBundleDisplayName = Caravyn;
				INFOPLIST_KEY_LSApplicationCategoryType = "public.app-category.travel";
				INFOPLIST_KEY_NSCameraUsageDescription = "We use your camera to create posts.";
				INFOPLIST_KEY_NSLocalNetworkUsageDescription = "This app needs local network access to connect to the development server.";
				INFOPLIST_KEY_NSLocationWhenInUseUsageDescription = "Attach your location to posts.";
				INFOPLIST_KEY_NSMicrophoneUsageDescription = "activityapp uses your microphone to record audio with videos";
				INFOPLIST_KEY_UIApplicationSceneManifest_Generation = YES;
				INFOPLIST_KEY_UIApplicationSupportsIndirectInputEvents = YES;
				INFOPLIST_KEY_UILaunchScreen_Generation = YES;
				INFOPLIST_KEY_UISupportedInterfaceOrientations = UIInterfaceOrientationPortrait;
				INFOPLIST_KEY_UISupportedInterfaceOrientations_iPad = "UIInterfaceOrientationLandscapeLeft UIInterfaceOrientationLandscapeRight UIInterfaceOrientationPortrait UIInterfaceOrientationPortraitUpsideDown";
				IPHONEOS_DEPLOYMENT_TARGET = 18.6;
				LD_RUNPATH_SEARCH_PATHS = (
					"$(inherited)",
					"@executable_path/Frameworks",
				);
				MARKETING_VERSION = 1.6.1;
				PRODUCT_BUNDLE_IDENTIFIER = com.caravyn;
				PRODUCT_NAME = "$(TARGET_NAME)";
				PROVISIONING_PROFILE_SPECIFIER = "";
				STRING_CATALOG_GENERATE_SYMBOLS = YES;
				SWIFT_APPROACHABLE_CONCURRENCY = YES;
				SWIFT_DEFAULT_ACTOR_ISOLATION = MainActor;
				SWIFT_EMIT_LOC_STRINGS = YES;
				SWIFT_UPCOMING_FEATURE_MEMBER_IMPORT_VISIBILITY = YES;
				SWIFT_VERSION = 5.0;
				TARGETED_DEVICE_FAMILY = "1,2";
			};
			name = Debug;
		};
		D5EE5C212FAAC8FE00D49FCF /* Release */ = {
			isa = XCBuildConfiguration;
			buildSettings = {
				ASSETCATALOG_COMPILER_APPICON_NAME = AppIcon;
				ASSETCATALOG_COMPILER_GLOBAL_ACCENT_COLOR_NAME = AccentColor;
				CODE_SIGN_ENTITLEMENTS = activityapp/activityapp.entitlements;
				CODE_SIGN_IDENTITY = "Apple Development";
				CODE_SIGN_STYLE = Automatic;
				CURRENT_PROJECT_VERSION = 1;
				DEVELOPMENT_TEAM = NUC37C5ZL9;
				ENABLE_PREVIEWS = YES;
				GENERATE_INFOPLIST_FILE = YES;
				INFOPLIST_FILE = activityapp/Info.plist;
				INFOPLIST_KEY_CFBundleDisplayName = Caravyn;
				INFOPLIST_KEY_LSApplicationCategoryType = "public.app-category.travel";
				INFOPLIST_KEY_NSCameraUsageDescription = "We use your camera to create posts.";
				INFOPLIST_KEY_NSLocalNetworkUsageDescription = "This app needs local network access to connect to the development server.";
				INFOPLIST_KEY_NSLocationWhenInUseUsageDescription = "Attach your location to posts.";
				INFOPLIST_KEY_NSMicrophoneUsageDescription = "activityapp uses your microphone to record audio with videos";
				INFOPLIST_KEY_UIApplicationSceneManifest_Generation = YES;
				INFOPLIST_KEY_UIApplicationSupportsIndirectInputEvents = YES;
				INFOPLIST_KEY_UILaunchScreen_Generation = YES;
				INFOPLIST_KEY_UISupportedInterfaceOrientations = UIInterfaceOrientationPortrait;
				INFOPLIST_KEY_UISupportedInterfaceOrientations_iPad = "UIInterfaceOrientationLandscapeLeft UIInterfaceOrientationLandscapeRight UIInterfaceOrientationPortrait UIInterfaceOrientationPortraitUpsideDown";
				IPHONEOS_DEPLOYMENT_TARGET = 18.6;
				LD_RUNPATH_SEARCH_PATHS = (
					"$(inherited)",
					"@executable_path/Frameworks",
				);
				MARKETING_VERSION = 1.6.1;
				PRODUCT_BUNDLE_IDENTIFIER = com.caravyn;
				PRODUCT_NAME = "$(TARGET_NAME)";
				PROVISIONING_PROFILE_SPECIFIER = "";
				STRING_CATALOG_GENERATE_SYMBOLS = YES;
				SWIFT_APPROACHABLE_CONCURRENCY = YES;
				SWIFT_DEFAULT_ACTOR_ISOLATION = MainActor;
				SWIFT_EMIT_LOC_STRINGS = YES;
				SWIFT_UPCOMING_FEATURE_MEMBER_IMPORT_VISIBILITY = YES;
				SWIFT_VERSION = 5.0;
				TARGETED_DEVICE_FAMILY = "1,2";
			};
			name = Release;
		};
		D5EE5C232FAAC8FE00D49FCF /* Debug */ = {
			isa = XCBuildConfiguration;
			buildSettings = {
				BUNDLE_LOADER = "$(TEST_HOST)";
				CODE_SIGN_STYLE = Automatic;
				CURRENT_PROJECT_VERSION = 1;
				DEVELOPMENT_TEAM = NUC37C5ZL9;
				GENERATE_INFOPLIST_FILE = YES;
				IPHONEOS_DEPLOYMENT_TARGET = 26.2;
				MARKETING_VERSION = 1.0;
				PRODUCT_BUNDLE_IDENTIFIER = com.activityapp.activityappTests;
				PRODUCT_NAME = "$(TARGET_NAME)";
				STRING_CATALOG_GENERATE_SYMBOLS = NO;
				SWIFT_APPROACHABLE_CONCURRENCY = YES;
				SWIFT_EMIT_LOC_STRINGS = NO;
				SWIFT_UPCOMING_FEATURE_MEMBER_IMPORT_VISIBILITY = YES;
				SWIFT_VERSION = 5.0;
				TARGETED_DEVICE_FAMILY = "1,2";
				TEST_HOST = "$(BUILT_PRODUCTS_DIR)/activityapp.app/$(BUNDLE_EXECUTABLE_FOLDER_PATH)/activityapp";
			};
			name = Debug;
		};
		D5EE5C242FAAC8FE00D49FCF /* Release */ = {
			isa = XCBuildConfiguration;
			buildSettings = {
				BUNDLE_LOADER = "$(TEST_HOST)";
				CODE_SIGN_STYLE = Automatic;
				CURRENT_PROJECT_VERSION = 1;
				DEVELOPMENT_TEAM = NUC37C5ZL9;
				GENERATE_INFOPLIST_FILE = YES;
				IPHONEOS_DEPLOYMENT_TARGET = 26.2;
				MARKETING_VERSION = 1.0;
				PRODUCT_BUNDLE_IDENTIFIER = com.activityapp.activityappTests;
				PRODUCT_NAME = "$(TARGET_NAME)";
				STRING_CATALOG_GENERATE_SYMBOLS = NO;
				SWIFT_APPROACHABLE_CONCURRENCY = YES;
				SWIFT_EMIT_LOC_STRINGS = NO;
				SWIFT_UPCOMING_FEATURE_MEMBER_IMPORT_VISIBILITY = YES;
				SWIFT_VERSION = 5.0;
				TARGETED_DEVICE_FAMILY = "1,2";
				TEST_HOST = "$(BUILT_PRODUCTS_DIR)/activityapp.app/$(BUNDLE_EXECUTABLE_FOLDER_PATH)/activityapp";
			};
			name = Release;
		};
		D5EE5C262FAAC8FE00D49FCF /* Debug */ = {
			isa = XCBuildConfiguration;
			buildSettings = {
				CODE_SIGN_STYLE = Automatic;
				CURRENT_PROJECT_VERSION = 1;
				DEVELOPMENT_TEAM = NUC37C5ZL9;
				GENERATE_INFOPLIST_FILE = YES;
				MARKETING_VERSION = 1.0;
				PRODUCT_BUNDLE_IDENTIFIER = com.activityapp.activityappUITests;
				PRODUCT_NAME = "$(TARGET_NAME)";
				STRING_CATALOG_GENERATE_SYMBOLS = NO;
				SWIFT_APPROACHABLE_CONCURRENCY = YES;
				SWIFT_EMIT_LOC_STRINGS = NO;
				SWIFT_UPCOMING_FEATURE_MEMBER_IMPORT_VISIBILITY = YES;
				SWIFT_VERSION = 5.0;
				TARGETED_DEVICE_FAMILY = "1,2";
				TEST_TARGET_NAME = activityapp;
			};
			name = Debug;
		};
		D5EE5C272FAAC8FE00D49FCF /* Release */ = {
			isa = XCBuildConfiguration;
			buildSettings = {
				CODE_SIGN_STYLE = Automatic;
				CURRENT_PROJECT_VERSION = 1;
				DEVELOPMENT_TEAM = NUC37C5ZL9;
				GENERATE_INFOPLIST_FILE = YES;
				MARKETING_VERSION = 1.0;
				PRODUCT_BUNDLE_IDENTIFIER = com.activityapp.activityappUITests;
				PRODUCT_NAME = "$(TARGET_NAME)";
				STRING_CATALOG_GENERATE_SYMBOLS = NO;
				SWIFT_APPROACHABLE_CONCURRENCY = YES;
				SWIFT_EMIT_LOC_STRINGS = NO;
				SWIFT_UPCOMING_FEATURE_MEMBER_IMPORT_VISIBILITY = YES;
				SWIFT_VERSION = 5.0;
				TARGETED_DEVICE_FAMILY = "1,2";
				TEST_TARGET_NAME = activityapp;
			};
			name = Release;
		};
/* End XCBuildConfiguration section */

/* Begin XCConfigurationList section */
		D5EE5BF92FAAC8FC00D49FCF /* Build configuration list for PBXProject "caravyn" */ = {
			isa = XCConfigurationList;
			buildConfigurations = (
				D5EE5C1D2FAAC8FE00D49FCF /* Debug */,
				D5EE5C1E2FAAC8FE00D49FCF /* Release */,
			);
			defaultConfigurationIsVisible = 0;
			defaultConfigurationName = Release;
		};
		D5EE5C1F2FAAC8FE00D49FCF /* Build configuration list for PBXNativeTarget "activityapp" */ = {
			isa = XCConfigurationList;
			buildConfigurations = (
				D5EE5C202FAAC8FE00D49FCF /* Debug */,
				D5EE5C212FAAC8FE00D49FCF /* Release */,
			);
			defaultConfigurationIsVisible = 0;
			defaultConfigurationName = Release;
		};
		D5EE5C222FAAC8FE00D49FCF /* Build configuration list for PBXNativeTarget "activityappTests" */ = {
			isa = XCConfigurationList;
			buildConfigurations = (
				D5EE5C232FAAC8FE00D49FCF /* Debug */,
				D5EE5C242FAAC8FE00D49FCF /* Release */,
			);
			defaultConfigurationIsVisible = 0;
			defaultConfigurationName = Release;
		};
		D5EE5C252FAAC8FE00D49FCF /* Build configuration list for PBXNativeTarget "activityappUITests" */ = {
			isa = XCConfigurationList;
			buildConfigurations = (
				D5EE5C262FAAC8FE00D49FCF /* Debug */,
				D5EE5C272FAAC8FE00D49FCF /* Release */,
			);
			defaultConfigurationIsVisible = 0;
			defaultConfigurationName = Release;
		};
/* End XCConfigurationList section */

/* Begin XCRemoteSwiftPackageReference section */
		D5EE5C282FAC105700D49FCF /* XCRemoteSwiftPackageReference "supabase-swift" */ = {
			isa = XCRemoteSwiftPackageReference;
			repositoryURL = "https://github.com/supabase-community/supabase-swift.git";
			requirement = {
				kind = upToNextMajorVersion;
				minimumVersion = 2.5.1;
			};
		};
/* End XCRemoteSwiftPackageReference section */

/* Begin XCSwiftPackageProductDependency section */
		D5EE5C312FAC183F00D49FCF /* Auth */ = {
			isa = XCSwiftPackageProductDependency;
			package = D5EE5C282FAC105700D49FCF /* XCRemoteSwiftPackageReference "supabase-swift" */;
			productName = Auth;
		};
		D5EE5C332FAC183F00D49FCF /* Functions */ = {
			isa = XCSwiftPackageProductDependency;
			package = D5EE5C282FAC105700D49FCF /* XCRemoteSwiftPackageReference "supabase-swift" */;
			productName = Functions;
		};
		D5EE5C352FAC183F00D49FCF /* PostgREST */ = {
			isa = XCSwiftPackageProductDependency;
			package = D5EE5C282FAC105700D49FCF /* XCRemoteSwiftPackageReference "supabase-swift" */;
			productName = PostgREST;
		};
		D5EE5C372FAC183F00D49FCF /* Realtime */ = {
			isa = XCSwiftPackageProductDependency;
			package = D5EE5C282FAC105700D49FCF /* XCRemoteSwiftPackageReference "supabase-swift" */;
			productName = Realtime;
		};
		D5EE5C392FAC183F00D49FCF /* Storage */ = {
			isa = XCSwiftPackageProductDependency;
			package = D5EE5C282FAC105700D49FCF /* XCRemoteSwiftPackageReference "supabase-swift" */;
			productName = Storage;
		};
		D5EE5C3B2FAC183F00D49FCF /* Supabase */ = {
			isa = XCSwiftPackageProductDependency;
			package = D5EE5C282FAC105700D49FCF /* XCRemoteSwiftPackageReference "supabase-swift" */;
			productName = Supabase;
		};
/* End XCSwiftPackageProductDependency section */
	};
	rootObject = D5EE5BF62FAAC8FC00D49FCF /* Project object */;
}
